// !$*UTF8*$!
{
	archiveVersion = 1;
	classes = {
	};
	objectVersion = 77;
	objects = {

/* Begin PBXBuildFile section */
		3899DC882DCB013B00F77E45 /* whisper.xcframework in Frameworks */ = {isa = PBXBuildFile; fileRef = 3899DC842DCAFF2200F77E45 /* whisper.xcframework */; };
/* End PBXBuildFile section */

/* Begin PBXContainerItemProxy section */
		38D510132DCACD1500933F27 /* PBXContainerItemProxy */ = {
			isa = PBXContainerItemProxy;
			containerPortal = 38D50FF82DCACD1400933F27 /* Project object */;
			proxyType = 1;
			remoteGlobalIDString = 38D50FFF2DCACD1400933F27;
			remoteInfo = WalkWrite;
		};
		38D5101D2DCACD1500933F27 /* PBXContainerItemProxy */ = {
			isa = PBXContainerItemProxy;
			containerPortal = 38D50FF82DCACD1400933F27 /* Project object */;
			proxyType = 1;
			remoteGlobalIDString = 38D50FFF2DCACD1400933F27;
			remoteInfo = WalkWrite;
		};
/* End PBXContainerItemProxy section */

/* Begin PBXCopyFilesBuildPhase section */
		3899DC8A2DCB013C00F77E45 /* Embed Frameworks */ = {
			isa = PBXCopyFilesBuildPhase;
			buildActionMask = 2147483647;
			dstPath = "";
			dstSubfolderSpec = 10;
			files = (
			);
			name = "Embed Frameworks";
			runOnlyForDeploymentPostprocessing = 0;
		};
/* End PBXCopyFilesBuildPhase section */

/* Begin PBXFileReference section */
		ABCA11ABCA11ABCA11ABCA11 /* ConfigDefaults.xcconfig */ = {isa = PBXFileReference; lastKnownFileType = text.xcconfig; path = ConfigDefaults.xcconfig; sourceTree = "<group>"; };
		3899DC842DCAFF2200F77E45 /* whisper.xcframework */ = {isa = PBXFileReference; lastKnownFileType = wrapper.xcframework; name = whisper.xcframework; path = ".build/whisper/whisper.xcframework"; sourceTree = "<group>"; };
		38D510002DCACD1400933F27 /* WalkWrite.app */ = {isa = PBXFileReference; explicitFileType = wrapper.application; includeInIndex = 0; path = WalkWrite.app; sourceTree = BUILT_PRODUCTS_DIR; };
		38D510122DCACD1500933F27 /* WalkWriteTests.xctest */ = {isa = PBXFileReference; explicitFileType = wrapper.cfbundle; includeInIndex = 0; path = WalkWriteTests.xctest; sourceTree = BUILT_PRODUCTS_DIR; };
		38D5101C2DCACD1500933F27 /* WalkWriteUITests.xctest */ = {isa = PBXFileReference; explicitFileType = wrapper.cfbundle; includeInIndex = 0; path = WalkWriteUITests.xctest; sourceTree = BUILT_PRODUCTS_DIR; };
/* End PBXFileReference section */

/* Begin PBXFileSystemSynchronizedBuildFileExceptionSet section */
		3899DC8E2DCB0B2300F77E45 /* Exceptions for "WalkWrite" folder in "WalkWrite" target */ = {
			isa = PBXFileSystemSynchronizedBuildFileExceptionSet;
			membershipExceptions = (
				Info.plist,
				"ggml-large-v3-turbo-q5_0.bin",
				"ggml-large-v3-turbo-encoder.mlmodelc",
			);
			target = 38D50FFF2DCACD1400933F27 /* WalkWrite */;
		};
/* End PBXFileSystemSynchronizedBuildFileExceptionSet section */

/* Begin PBXFileSystemSynchronizedRootGroup section */
		ABCA12ABCA12ABCA12ABCA12 /* WalkWriteTests */ = {isa = PBXFileSystemSynchronizedRootGroup; path = WalkWriteTests; sourceTree = "<group>"; };
		ABCA13ABCA13ABCA13ABCA13 /* WalkWriteUITests */ = {isa = PBXFileSystemSynchronizedRootGroup; path = WalkWriteUITests; sourceTree = "<group>"; };
		38345FE92DCBC9ED009FCA24 /* Images */ = {
			isa = PBXFileSystemSynchronizedRootGroup;
			path = Images;
			sourceTree = "<group>";
		};
		38D510022DCACD1400933F27 /* WalkWrite */ = {
			isa = PBXFileSystemSynchronizedRootGroup;
			exceptions = (
				3899DC8E2DCB0B2300F77E45 /* Exceptions for "WalkWrite" folder in "WalkWrite" target */,
			);
			path = WalkWrite;
			sourceTree = "<group>";
		};
/* End PBXFileSystemSynchronizedRootGroup section */

/* Begin PBXFrameworksBuildPhase section */
		38D50FFD2DCACD1400933F27 /* Frameworks */ = {
			isa = PBXFrameworksBuildPhase;
			buildActionMask = 2147483647;
			files = (
				3899DC882DCB013B00F77E45 /* whisper.xcframework in Frameworks */,
			);
			runOnlyForDeploymentPostprocessing = 0;
		};
		38D5100F2DCACD1500933F27 /* Frameworks */ = {
			isa = PBXFrameworksBuildPhase;
			buildActionMask = 2147483647;
			files = (
			);
			runOnlyForDeploymentPostprocessing = 0;
		};
		38D510192DCACD1500933F27 /* Frameworks */ = {
			isa = PBXFrameworksBuildPhase;
			buildActionMask = 2147483647;
			files = (
			);
			runOnlyForDeploymentPostprocessing = 0;
		};
/* End PBXFrameworksBuildPhase section */

/* Begin PBXGroup section */
		38D50FF72DCACD1400933F27 = {
			isa = PBXGroup;
			children = (
				38D510022DCACD1400933F27 /* WalkWrite */,
				ABCA12ABCA12ABCA12ABCA12 /* WalkWriteTests */,
				ABCA13ABCA13ABCA13ABCA13 /* WalkWriteUITests */,
				ABCA11ABCA11ABCA11ABCA11 /* ConfigDefaults.xcconfig */,
				38D511192DCAEFAA00933F27 /* Frameworks */,
				38D510012DCACD1400933F27 /* Products */,
				38345FE92DCBC9ED009FCA24 /* Images */,
			);
			sourceTree = "<group>";
		};
		38D510012DCACD1400933F27 /* Products */ = {
			isa = PBXGroup;
			children = (
				38D510002DCACD1400933F27 /* WalkWrite.app */,
				38D510122DCACD1500933F27 /* WalkWriteTests.xctest */,
				38D5101C2DCACD1500933F27 /* WalkWriteUITests.xctest */,
			);
			name = Products;
			sourceTree = "<group>";
		};
		38D511192DCAEFAA00933F27 /* Frameworks */ = {
			isa = PBXGroup;
			children = (
				3899DC842DCAFF2200F77E45 /* whisper.xcframework */,
			);
			name = Frameworks;
			sourceTree = "<group>";
		};
/* End PBXGroup section */

/* Begin PBXNativeTarget section */
		38D50FFF2DCACD1400933F27 /* WalkWrite */ = {
			isa = PBXNativeTarget;
			buildConfigurationList = 38D510262DCACD1500933F27 /* Build configuration list for PBXNativeTarget "WalkWrite" */;
			buildPhases = (
				38D50FFC2DCACD1400933F27 /* Sources */,
				38D50FFD2DCACD1400933F27 /* Frameworks */,
				38D50FFE2DCACD1400933F27 /* Resources */,
				3899DC8A2DCB013C00F77E45 /* Embed Frameworks */,
			);
			buildRules = (
			);
			dependencies = (
			);
			fileSystemSynchronizedGroups = (
				38D510022DCACD1400933F27 /* WalkWrite */,
			);
			name = WalkWrite;
			packageProductDependencies = (
			);
			productName = WalkWrite;
			productReference = 38D510002DCACD1400933F27 /* WalkWrite.app */;
			productType = "com.apple.product-type.application";
		};
		38D510112DCACD1500933F27 /* WalkWriteTests */ = {
			isa = PBXNativeTarget;
			buildConfigurationList = 38D510292DCACD1500933F27 /* Build configuration list for PBXNativeTarget "WalkWriteTests" */;
			buildPhases = (
				38D5100E2DCACD1500933F27 /* Sources */,
				38D5100F2DCACD1500933F27 /* Frameworks */,
				38D510102DCACD1500933F27 /* Resources */,
			);
			buildRules = (
			);
			dependencies = (
				38D510142DCACD1500933F27 /* PBXTargetDependency */,
			);
			fileSystemSynchronizedGroups = (ABCA12ABCA12ABCA12ABCA12 /* WalkWriteTests */,);
			name = WalkWriteTests;
			packageProductDependencies = (
			);
			productName = WalkWriteTests;
			productReference = 38D510122DCACD1500933F27 /* WalkWriteTests.xctest */;
			productType = "com.apple.product-type.bundle.unit-test";
		};
		38D5101B2DCACD1500933F27 /* WalkWriteUITests */ = {
			isa = PBXNativeTarget;
			buildConfigurationList = 38D5102C2DCACD1500933F27 /* Build configuration list for PBXNativeTarget "WalkWriteUITests" */;
			buildPhases = (
				38D510182DCACD1500933F27 /* Sources */,
				38D510192DCACD1500933F27 /* Frameworks */,
				38D5101A2DCACD1500933F27 /* Resources */,
			);
			buildRules = (
			);
			dependencies = (
				38D5101E2DCACD1500933F27 /* PBXTargetDependency */,
			);
			fileSystemSynchronizedGroups = (ABCA13ABCA13ABCA13ABCA13 /* WalkWriteUITests */,);
			name = WalkWriteUITests;
			packageProductDependencies = (
			);
			productName = WalkWriteUITests;
			productReference = 38D5101C2DCACD1500933F27 /* WalkWriteUITests.xctest */;
			productType = "com.apple.product-type.bundle.ui-testing";
		};
/* End PBXNativeTarget section */

/* Begin PBXProject section */
		38D50FF82DCACD1400933F27 /* Project object */ = {
			isa = PBXProject;
			attributes = {
				BuildIndependentTargetsInParallel = 1;
				LastSwiftUpdateCheck = 1630;
				LastUpgradeCheck = 1630;
				TargetAttributes = {
					38D50FFF2DCACD1400933F27 = {
						CreatedOnToolsVersion = 16.3;
					};
					38D510112DCACD1500933F27 = {
						CreatedOnToolsVersion = 16.3;
						TestTargetID = 38D50FFF2DCACD1400933F27;
					};
					38D5101B2DCACD1500933F27 = {
						CreatedOnToolsVersion = 16.3;
						TestTargetID = 38D50FFF2DCACD1400933F27;
					};
				};
			};
			buildConfigurationList = 38D50FFB2DCACD1400933F27 /* Build configuration list for PBXProject "WalkWrite" */;
			developmentRegion = en;
			hasScannedForEncodings = 0;
			knownRegions = (
				en,
				Base,
			);
			mainGroup = 38D50FF72DCACD1400933F27;
			minimizedProjectReferenceProxies = 1;
			packageReferences = (
			);
			preferredProjectObjectVersion = 77;
			productRefGroup = 38D510012DCACD1400933F27 /* Products */;
			projectDirPath = "";
			projectRoot = "";
			targets = (
				38D50FFF2DCACD1400933F27 /* WalkWrite */,
				38D510112DCACD1500933F27 /* WalkWriteTests */,
				38D5101B2DCACD1500933F27 /* WalkWriteUITests */,
			);
		};
/* End PBXProject section */

/* Begin PBXResourcesBuildPhase section */
		38D50FFE2DCACD1400933F27 /* Resources */ = {
			isa = PBXResourcesBuildPhase;
			buildActionMask = 2147483647;
			files = (
			);
			runOnlyForDeploymentPostprocessing = 0;
		};
		38D510102DCACD1500933F27 /* Resources */ = {
			isa = PBXResourcesBuildPhase;
			buildActionMask = 2147483647;
			files = (
			);
			runOnlyForDeploymentPostprocessing = 0;
		};
		38D5101A2DCACD1500933F27 /* Resources */ = {
			isa = PBXResourcesBuildPhase;
			buildActionMask = 2147483647;
			files = (
			);
			runOnlyForDeploymentPostprocessing = 0;
		};
/* End PBXResourcesBuildPhase section */

/* Begin PBXSourcesBuildPhase section */
		38D50FFC2DCACD1400933F27 /* Sources */ = {
			isa = PBXSourcesBuildPhase;
			buildActionMask = 2147483647;
			files = (
			);
			runOnlyForDeploymentPostprocessing = 0;
		};
		38D5100E2DCACD1500933F27 /* Sources */ = {
			isa = PBXSourcesBuildPhase;
			buildActionMask = 2147483647;
			files = (
			);
			runOnlyForDeploymentPostprocessing = 0;
		};
		38D510182DCACD1500933F27 /* Sources */ = {
			isa = PBXSourcesBuildPhase;
			buildActionMask = 2147483647;
			files = (
			);
			runOnlyForDeploymentPostprocessing = 0;
		};
/* End PBXSourcesBuildPhase section */

/* Begin PBXTargetDependency section */
		38D510142DCACD1500933F27 /* PBXTargetDependency */ = {
			isa = PBXTargetDependency;
			target = 38D50FFF2DCACD1400933F27 /* WalkWrite */;
			targetProxy = 38D510132DCACD1500933F27 /* PBXContainerItemProxy */;
		};
		38D5101E2DCACD1500933F27 /* PBXTargetDependency */ = {
			isa = PBXTargetDependency;
			target = 38D50FFF2DCACD1400933F27 /* WalkWrite */;
			targetProxy = 38D5101D2DCACD1500933F27 /* PBXContainerItemProxy */;
		};
/* End PBXTargetDependency section */

/* Begin XCBuildConfiguration section */
		38D510242DCACD1500933F27 /* Debug */ = {
			isa = XCBuildConfiguration;
			baseConfigurationReference = ABCA11ABCA11ABCA11ABCA11 /* ConfigDefaults.xcconfig */;
			buildSettings = {
				ALWAYS_SEARCH_USER_PATHS = NO;
				ASSETCATALOG_COMPILER_GENERATE_SWIFT_ASSET_SYMBOL_EXTENSIONS = YES;
				CLANG_ANALYZER_NONNULL = YES;
				CLANG_ANALYZER_NUMBER_OBJECT_CONVERSION = YES_AGGRESSIVE;
				CLANG_CXX_LANGUAGE_STANDARD = "gnu++20";
				CLANG_ENABLE_MODULES = YES;
				CLANG_ENABLE_OBJC_ARC = YES;
				CLANG_ENABLE_OBJC_WEAK = YES;
				CLANG_WARN_BLOCK_CAPTURE_AUTORELEASING = YES;
				CLANG_WARN_BOOL_CONVERSION = YES;
				CLANG_WARN_COMMA = YES;
				CLANG_WARN_CONSTANT_CONVERSION = YES;
				CLANG_WARN_DEPRECATED_OBJC_IMPLEMENTATIONS = YES;
				CLANG_WARN_DIRECT_OBJC_ISA_USAGE = YES_ERROR;
				CLANG_WARN_DOCUMENTATION_COMMENTS = YES;
				CLANG_WARN_EMPTY_BODY = YES;
				CLANG_WARN_ENUM_CONVERSION = YES;
				CLANG_WARN_INFINITE_RECURSION = YES;
				CLANG_WARN_INT_CONVERSION = YES;
				CLANG_WARN_NON_LITERAL_NULL_CONVERSION = YES;
				CLANG_WARN_OBJC_IMPLICIT_RETAIN_SELF = YES;
				CLANG_WARN_OBJC_LITERAL_CONVERSION = YES;
				CLANG_WARN_OBJC_ROOT_CLASS = YES_ERROR;
				CLANG_WARN_QUOTED_INCLUDE_IN_FRAMEWORK_HEADER = YES;
				CLANG_WARN_RANGE_LOOP_ANALYSIS = YES;
				CLANG_WARN_STRICT_PROTOTYPES = YES;
				CLANG_WARN_SUSPICIOUS_MOVE = YES;
				CLANG_WARN_UNGUARDED_AVAILABILITY = YES_AGGRESSIVE;
				CLANG_WARN_UNREACHABLE_CODE = YES;
				CLANG_WARN__DUPLICATE_METHOD_MATCH = YES;
				COPY_PHASE_STRIP = NO;
				DEBUG_INFORMATION_FORMAT = dwarf;
				ENABLE_STRICT_OBJC_MSGSEND = YES;
				ENABLE_TESTABILITY = YES;
				ENABLE_USER_SCRIPT_SANDBOXING = YES;
				GCC_C_LANGUAGE_STANDARD = gnu17;
				GCC_DYNAMIC_NO_PIC = NO;
				GCC_NO_COMMON_BLOCKS = YES;
				GCC_OPTIMIZATION_LEVEL = 0;
				GCC_PREPROCESSOR_DEFINITIONS = (
					"DEBUG=1",
					"$(inherited)",
				);
				GCC_WARN_64_TO_32_BIT_CONVERSION = YES;
				GCC_WARN_ABOUT_RETURN_TYPE = YES_ERROR;
				GCC_WARN_UNDECLARED_SELECTOR = YES;
				GCC_WARN_UNINITIALIZED_AUTOS = YES_AGGRESSIVE;
				GCC_WARN_UNUSED_FUNCTION = YES;
				GCC_WARN_UNUSED_VARIABLE = YES;
				IPHONEOS_DEPLOYMENT_TARGET = 17.6;
				LOCALIZATION_PREFERS_STRING_CATALOGS = YES;
				MTL_ENABLE_DEBUG_INFO = INCLUDE_SOURCE;
				MTL_FAST_MATH = YES;
				ONLY_ACTIVE_ARCH = YES;
				SDKROOT = iphoneos;
				SWIFT_ACTIVE_COMPILATION_CONDITIONS = "DEBUG $(inherited)";
				SWIFT_OPTIMIZATION_LEVEL = "-Onone";
			};
			name = Debug;
		};
		38D510252DCACD1500933F27 /* Release */ = {
			isa = XCBuildConfiguration;
			baseConfigurationReference = ABCA11ABCA11ABCA11ABCA11 /* ConfigDefaults.xcconfig */;
			buildSettings = {
				ALWAYS_SEARCH_USER_PATHS = NO;
				ASSETCATALOG_COMPILER_GENERATE_SWIFT_ASSET_SYMBOL_EXTENSIONS = YES;
				CLANG_ANALYZER_NONNULL = YES;
				CLANG_ANALYZER_NUMBER_OBJECT_CONVERSION = YES_AGGRESSIVE;
				CLANG_CXX_LANGUAGE_STANDARD = "gnu++20";
				CLANG_ENABLE_MODULES = YES;
				CLANG_ENABLE_OBJC_ARC = YES;
				CLANG_ENABLE_OBJC_WEAK = YES;
				CLANG_WARN_BLOCK_CAPTURE_AUTORELEASING = YES;
				CLANG_WARN_BOOL_CONVERSION = YES;
				CLANG_WARN_COMMA = YES;
				CLANG_WARN_CONSTANT_CONVERSION = YES;
				CLANG_WARN_DEPRECATED_OBJC_IMPLEMENTATIONS = YES;
				CLANG_WARN_DIRECT_OBJC_ISA_USAGE = YES_ERROR;
				CLANG_WARN_DOCUMENTATION_COMMENTS = YES;
				CLANG_WARN_EMPTY_BODY = YES;
				CLANG_WARN_ENUM_CONVERSION = YES;
				CLANG_WARN_INFINITE_RECURSION = YES;
				CLANG_WARN_INT_CONVERSION = YES;
				CLANG_WARN_NON_LITERAL_NULL_CONVERSION = YES;
				CLANG_WARN_OBJC_IMPLICIT_RETAIN_SELF = YES;
				CLANG_WARN_OBJC_LITERAL_CONVERSION = YES;
				CLANG_WARN_OBJC_ROOT_CLASS = YES_ERROR;
				CLANG_WARN_QUOTED_INCLUDE_IN_FRAMEWORK_HEADER = YES;
				CLANG_WARN_RANGE_LOOP_ANALYSIS = YES;
				CLANG_WARN_STRICT_PROTOTYPES = YES;
				CLANG_WARN_SUSPICIOUS_MOVE = YES;
				CLANG_WARN_UNGUARDED_AVAILABILITY = YES_AGGRESSIVE;
				CLANG_WARN_UNREACHABLE_CODE = YES;
				CLANG_WARN__DUPLICATE_METHOD_MATCH = YES;
				COPY_PHASE_STRIP = NO;
				DEBUG_INFORMATION_FORMAT = "dwarf-with-dsym";
				ENABLE_NS_ASSERTIONS = NO;
				ENABLE_STRICT_OBJC_MSGSEND = YES;
				ENABLE_USER_SCRIPT_SANDBOXING = YES;
				GCC_C_LANGUAGE_STANDARD = gnu17;
				GCC_NO_COMMON_BLOCKS = YES;
				GCC_WARN_64_TO_32_BIT_CONVERSION = YES;
				GCC_WARN_ABOUT_RETURN_TYPE = YES_ERROR;
				GCC_WARN_UNDECLARED_SELECTOR = YES;
				GCC_WARN_UNINITIALIZED_AUTOS = YES_AGGRESSIVE;
				GCC_WARN_UNUSED_FUNCTION = YES;
				GCC_WARN_UNUSED_VARIABLE = YES;
				IPHONEOS_DEPLOYMENT_TARGET = 17.6;
				LOCALIZATION_PREFERS_STRING_CATALOGS = YES;
				MTL_ENABLE_DEBUG_INFO = NO;
				MTL_FAST_MATH = YES;
				SDKROOT = iphoneos;
				SWIFT_COMPILATION_MODE = wholemodule;
				VALIDATE_PRODUCT = YES;
			};
			name = Release;
		};
		38D510272DCACD1500933F27 /* Debug */ = {
			isa = XCBuildConfiguration;
			baseConfigurationReference = ABCA11ABCA11ABCA11ABCA11 /* ConfigDefaults.xcconfig */;
			buildSettings = {
				ASSETCATALOG_COMPILER_APPICON_NAME = AppIcon;
				ASSETCATALOG_COMPILER_GLOBAL_ACCENT_COLOR_NAME = AccentColor;
				CODE_SIGN_IDENTITY = "Apple Development";
				CODE_SIGN_STYLE = Automatic;
				CURRENT_PROJECT_VERSION = 5;
				ENABLE_PREVIEWS = YES;
				GENERATE_INFOPLIST_FILE = YES;
				INFOPLIST_FILE = WalkWrite/Info.plist;
				INFOPLIST_KEY_CFBundleDisplayName = "Voice Notes";
				INFOPLIST_KEY_LSApplicationCategoryType = "public.app-category.productivity";
				INFOPLIST_KEY_NSMicrophoneUsageDescription = "Voice Notes needs microphone access to record audio on this device.";
				INFOPLIST_KEY_UIApplicationSceneManifest_Generation = YES;
				INFOPLIST_KEY_UIApplicationSupportsIndirectInputEvents = YES;
				INFOPLIST_KEY_UILaunchScreen_Generation = YES;
				INFOPLIST_KEY_UISupportedInterfaceOrientations_iPad = "UIInterfaceOrientationPortrait UIInterfaceOrientationPortraitUpsideDown UIInterfaceOrientationLandscapeLeft UIInterfaceOrientationLandscapeRight";
				INFOPLIST_KEY_UISupportedInterfaceOrientations_iPhone = "UIInterfaceOrientationPortrait UIInterfaceOrientationLandscapeLeft UIInterfaceOrientationLandscapeRight";
				IPHONEOS_DEPLOYMENT_TARGET = 17.6;
				LD_RUNPATH_SEARCH_PATHS = (
					"$(inherited)",
					"@executable_path/Frameworks",
				);
				MARKETING_VERSION = 1.0;
				PRODUCT_BUNDLE_IDENTIFIER = "$(PRODUCT_BUNDLE_IDENTIFIER_PREFIX).voicenotes";
				PRODUCT_NAME = "$(TARGET_NAME)";
				PROVISIONING_PROFILE_SPECIFIER = "";
				SWIFT_EMIT_LOC_STRINGS = YES;
				SWIFT_VERSION = 5.0;
				TARGETED_DEVICE_FAMILY = "1,2";
			};
			name = Debug;
		};
		38D510282DCACD1500933F27 /* Release */ = {
			isa = XCBuildConfiguration;
			baseConfigurationReference = ABCA11ABCA11ABCA11ABCA11 /* ConfigDefaults.xcconfig */;
			buildSettings = {
				ASSETCATALOG_COMPILER_APPICON_NAME = AppIcon;
				ASSETCATALOG_COMPILER_GLOBAL_ACCENT_COLOR_NAME = AccentColor;
				CODE_SIGN_IDENTITY = "Apple Development";
				CODE_SIGN_STYLE = Automatic;
				CURRENT_PROJECT_VERSION = 5;
				ENABLE_PREVIEWS = YES;
				GENERATE_INFOPLIST_FILE = YES;
				INFOPLIST_FILE = WalkWrite/Info.plist;
				INFOPLIST_KEY_CFBundleDisplayName = "Voice Notes";
				INFOPLIST_KEY_LSApplicationCategoryType = "public.app-category.productivity";
				INFOPLIST_KEY_NSMicrophoneUsageDescription = "Voice Notes needs microphone access to record audio on this device.";
				INFOPLIST_KEY_UIApplicationSceneManifest_Generation = YES;
				INFOPLIST_KEY_UIApplicationSupportsIndirectInputEvents = YES;
				INFOPLIST_KEY_UILaunchScreen_Generation = YES;
				INFOPLIST_KEY_UISupportedInterfaceOrientations_iPad = "UIInterfaceOrientationPortrait UIInterfaceOrientationPortraitUpsideDown UIInterfaceOrientationLandscapeLeft UIInterfaceOrientationLandscapeRight";
				INFOPLIST_KEY_UISupportedInterfaceOrientations_iPhone = "UIInterfaceOrientationPortrait UIInterfaceOrientationLandscapeLeft UIInterfaceOrientationLandscapeRight";
				IPHONEOS_DEPLOYMENT_TARGET = 17.6;
				LD_RUNPATH_SEARCH_PATHS = (
					"$(inherited)",
					"@executable_path/Frameworks",
				);
				MARKETING_VERSION = 1.0;
				PRODUCT_BUNDLE_IDENTIFIER = "$(PRODUCT_BUNDLE_IDENTIFIER_PREFIX).voicenotes";
				PRODUCT_NAME = "$(TARGET_NAME)";
				PROVISIONING_PROFILE_SPECIFIER = "";
				SWIFT_EMIT_LOC_STRINGS = YES;
				SWIFT_VERSION = 5.0;
				TARGETED_DEVICE_FAMILY = "1,2";
			};
			name = Release;
		};
		38D5102A2DCACD1500933F27 /* Debug */ = {
			isa = XCBuildConfiguration;
			baseConfigurationReference = ABCA11ABCA11ABCA11ABCA11 /* ConfigDefaults.xcconfig */;
			buildSettings = {
				BUNDLE_LOADER = "$(TEST_HOST)";
				CODE_SIGN_STYLE = Automatic;
				CURRENT_PROJECT_VERSION = 1;
				GENERATE_INFOPLIST_FILE = YES;
				IPHONEOS_DEPLOYMENT_TARGET = 17.6;
				MARKETING_VERSION = 1.0;
				PRODUCT_BUNDLE_IDENTIFIER = "$(PRODUCT_BUNDLE_IDENTIFIER_PREFIX).voicenotes.tests";
				PRODUCT_NAME = "$(TARGET_NAME)";
				SWIFT_EMIT_LOC_STRINGS = NO;
				SWIFT_VERSION = 5.0;
				TARGETED_DEVICE_FAMILY = "1,2";
				TEST_HOST = "$(BUILT_PRODUCTS_DIR)/WalkWrite.app/$(BUNDLE_EXECUTABLE_FOLDER_PATH)/WalkWrite";
			};
			name = Debug;
		};
		38D5102B2DCACD1500933F27 /* Release */ = {
			isa = XCBuildConfiguration;
			baseConfigurationReference = ABCA11ABCA11ABCA11ABCA11 /* ConfigDefaults.xcconfig */;
			buildSettings = {
				BUNDLE_LOADER = "$(TEST_HOST)";
				CODE_SIGN_STYLE = Automatic;
				CURRENT_PROJECT_VERSION = 1;
				GENERATE_INFOPLIST_FILE = YES;
				IPHONEOS_DEPLOYMENT_TARGET = 17.6;
				MARKETING_VERSION = 1.0;
				PRODUCT_BUNDLE_IDENTIFIER = "$(PRODUCT_BUNDLE_IDENTIFIER_PREFIX).voicenotes.tests";
				PRODUCT_NAME = "$(TARGET_NAME)";
				SWIFT_EMIT_LOC_STRINGS = NO;
				SWIFT_VERSION = 5.0;
				TARGETED_DEVICE_FAMILY = "1,2";
				TEST_HOST = "$(BUILT_PRODUCTS_DIR)/WalkWrite.app/$(BUNDLE_EXECUTABLE_FOLDER_PATH)/WalkWrite";
			};
			name = Release;
		};
		38D5102D2DCACD1500933F27 /* Debug */ = {
			isa = XCBuildConfiguration;
			baseConfigurationReference = ABCA11ABCA11ABCA11ABCA11 /* ConfigDefaults.xcconfig */;
			buildSettings = {
				CODE_SIGN_STYLE = Automatic;
				CURRENT_PROJECT_VERSION = 1;
				GENERATE_INFOPLIST_FILE = YES;
				MARKETING_VERSION = 1.0;
				PRODUCT_BUNDLE_IDENTIFIER = "$(PRODUCT_BUNDLE_IDENTIFIER_PREFIX).voicenotes.uitests";
				PRODUCT_NAME = "$(TARGET_NAME)";
				SWIFT_EMIT_LOC_STRINGS = NO;
				SWIFT_VERSION = 5.0;
				TARGETED_DEVICE_FAMILY = "1,2";
				TEST_TARGET_NAME = WalkWrite;
			};
			name = Debug;
		};
		38D5102E2DCACD1500933F27 /* Release */ = {
			isa = XCBuildConfiguration;
			baseConfigurationReference = ABCA11ABCA11ABCA11ABCA11 /* ConfigDefaults.xcconfig */;
			buildSettings = {
				CODE_SIGN_STYLE = Automatic;
				CURRENT_PROJECT_VERSION = 1;
				GENERATE_INFOPLIST_FILE = YES;
				MARKETING_VERSION = 1.0;
				PRODUCT_BUNDLE_IDENTIFIER = "$(PRODUCT_BUNDLE_IDENTIFIER_PREFIX).voicenotes.uitests";
				PRODUCT_NAME = "$(TARGET_NAME)";
				SWIFT_EMIT_LOC_STRINGS = NO;
				SWIFT_VERSION = 5.0;
				TARGETED_DEVICE_FAMILY = "1,2";
				TEST_TARGET_NAME = WalkWrite;
			};
			name = Release;
		};
/* End XCBuildConfiguration section */

/* Begin XCConfigurationList section */
		38D50FFB2DCACD1400933F27 /* Build configuration list for PBXProject "WalkWrite" */ = {
			isa = XCConfigurationList;
			buildConfigurations = (
				38D510242DCACD1500933F27 /* Debug */,
				38D510252DCACD1500933F27 /* Release */,
			);
			defaultConfigurationIsVisible = 0;
			defaultConfigurationName = Release;
		};
		38D510262DCACD1500933F27 /* Build configuration list for PBXNativeTarget "WalkWrite" */ = {
			isa = XCConfigurationList;
			buildConfigurations = (
				38D510272DCACD1500933F27 /* Debug */,
				38D510282DCACD1500933F27 /* Release */,
			);
			defaultConfigurationIsVisible = 0;
			defaultConfigurationName = Release;
		};
		38D510292DCACD1500933F27 /* Build configuration list for PBXNativeTarget "WalkWriteTests" */ = {
			isa = XCConfigurationList;
			buildConfigurations = (
				38D5102A2DCACD1500933F27 /* Debug */,
				38D5102B2DCACD1500933F27 /* Release */,
			);
			defaultConfigurationIsVisible = 0;
			defaultConfigurationName = Release;
		};
		38D5102C2DCACD1500933F27 /* Build configuration list for PBXNativeTarget "WalkWriteUITests" */ = {
			isa = XCConfigurationList;
			buildConfigurations = (
				38D5102D2DCACD1500933F27 /* Debug */,
				38D5102E2DCACD1500933F27 /* Release */,
			);
			defaultConfigurationIsVisible = 0;
			defaultConfigurationName = Release;
		};
/* End XCConfigurationList section */




	};
	rootObject = 38D50FF82DCACD1400933F27 /* Project object */;
}
